
Microsoft Visual Studio Solution File, Format Version 12.00
# Visual Studio Version 16
VisualStudioVersion = 16.0.31205.134
MinimumVisualStudioVersion = 10.0.40219.1
Project("{9A19103F-16F7-4668-BE54-9A1E7A4F7556}") = "TransactionWebService1", "TransactionWebService1\TransactionWebService1.csproj", "{67B30810-69CE-4BBF-8261-223C89C9CD18}"
EndProject
Project("{FAE04EC0-301F-11D3-BF4B-00C04F79EFBC}") = "FakeClientLibrary", "FakeClientLibrary\FakeClientLibrary.csproj", "{82DEDEAB-D025-490C-AEA7-99EF307EE607}"
EndProject
Project("{9A19103F-16F7-4668-BE54-9A1E7A4F7556}") = "TransactionWebService2", "TransactionWebService2\TransactionWebService2.csproj", "{AF7AC12D-1017-4A77-9410-1C19C98DC0D0}"
EndProject
Global
	GlobalSection(SolutionConfigurationPlatforms) = preSolution
		Debug|Any CPU = Debug|Any CPU
		Release|Any CPU = Release|Any CPU
	EndGlobalSection
	GlobalSection(ProjectConfigurationPlatforms) = postSolution
		{67B30810-69CE-4BBF-8261-223C89C9CD18}.Debug|Any CPU.ActiveCfg = Debug|Any CPU
		{67B30810-69CE-4BBF-8261-223C89C9CD18}.Debug|Any CPU.Build.0 = Debug|Any CPU
		{67B30810-69CE-4BBF-8261-223C89C9CD18}.Release|Any CPU.ActiveCfg = Release|Any CPU
		{67B30810-69CE-4BBF-8261-223C89C9CD18}.Release|Any CPU.Build.0 = Release|Any CPU
		{82DEDEAB-D025-490C-AEA7-99EF307EE607}.Debug|Any CPU.ActiveCfg = Debug|Any CPU
		{82DEDEAB-D025-490C-AEA7-99EF307EE607}.Debug|Any CPU.Build.0 = Debug|Any CPU
		{82DEDEAB-D025-490C-AEA7-99EF307EE607}.Release|Any CPU.ActiveCfg = Release|Any CPU
		{82DEDEAB-D025-490C-AEA7-99EF307EE607}.Release|Any CPU.Build.0 = Release|Any CPU
		{AF7AC12D-1017-4A77-9410-1C19C98DC0D0}.Debug|Any CPU.ActiveCfg = Debug|Any CPU
		{AF7AC12D-1017-4A77-9410-1C19C98DC0D0}.Debug|Any CPU.Build.0 = Debug|Any CPU
		{AF7AC12D-1017-4A77-9410-1C19C98DC0D0}.Release|Any CPU.ActiveCfg = Release|Any CPU
		{AF7AC12D-1017-4A77-9410-1C19C98DC0D0}.Release|Any CPU.Build.0 = Release|Any CPU
	EndGlobalSection
	GlobalSection(SolutionProperties) = preSolution
		HideSolutionNode = FALSE
	EndGlobalSection
	GlobalSection(ExtensibilityGlobals) = postSolution
		SolutionGuid = {1043C1BB-17C0-47B6-B3E6-818A2DBAD37F}
	EndGlobalSection
EndGlobal
